
Microsoft Visual Studio Solution File, Format Version 12.00
# Visual Studio Version 17
VisualStudioVersion = 17.12.35527.113 d17.12
MinimumVisualStudioVersion = 10.0.40219.1
Project("{FAE04EC0-301F-11D3-BF4B-00C04F79EFBC}") = "lab1forms", "lab1forms.csproj", "{2F659141-696D-4837-B221-E47B16F5ABD3}"
EndProject
Project("{FAE04EC0-301F-11D3-BF4B-00C04F79EFBC}") = "LogParserLib", "LogParserLib\LogParserLib.csproj", "{A1B2C3D4-0001-0001-0001-000000000001}"
EndProject
Global
	GlobalSection(SolutionConfigurationPlatforms) = preSolution
		Debug|Any CPU = Debug|Any CPU
		Release|Any CPU = Release|Any CPU
	EndGlobalSection
	GlobalSection(ProjectConfigurationPlatforms) = postSolution
		{2F659141-696D-4837-B221-E47B16F5ABD3}.Debug|Any CPU.ActiveCfg = Debug|Any CPU
		{2F659141-696D-4837-B221-E47B16F5ABD3}.Debug|Any CPU.Build.0 = Debug|Any CPU
		{2F659141-696D-4837-B221-E47B16F5ABD3}.Release|Any CPU.ActiveCfg = Release|Any CPU
		{2F659141-696D-4837-B221-E47B16F5ABD3}.Release|Any CPU.Build.0 = Release|Any CPU
		{A1B2C3D4-0001-0001-0001-000000000001}.Debug|Any CPU.ActiveCfg = Debug|Any CPU
		{A1B2C3D4-0001-0001-0001-000000000001}.Debug|Any CPU.Build.0 = Debug|Any CPU
		{A1B2C3D4-0001-0001-0001-000000000001}.Release|Any CPU.ActiveCfg = Release|Any CPU
		{A1B2C3D4-0001-0001-0001-000000000001}.Release|Any CPU.Build.0 = Release|Any CPU
	EndGlobalSection
	GlobalSection(SolutionProperties) = preSolution
		HideSolutionNode = FALSE
	EndGlobalSection
EndGlobal
